
Microsoft Visual Studio Solution File, Format Version 12.00
# Visual Studio Version 16
VisualStudioVersion = 16.0.30204.135
MinimumVisualStudioVersion = 10.0.40219.1
Project("{2150E333-8FDC-42A3-9474-1A3956D46DE8}") = "Logic", "Logic", "{7A29C83F-0B80-48AB-9D05-54A633ED22D7}"
EndProject
Project("{2150E333-8FDC-42A3-9474-1A3956D46DE8}") = "Business", "Business", "{DA815017-1B84-4644-9E10-B7DAEE244183}"
EndProject
Project("{2150E333-8FDC-42A3-9474-1A3956D46DE8}") = "Domain", "Domain", "{76ABABA1-D671-4251-8BF9-0E2D29D387D0}"
EndProject
Project("{2150E333-8FDC-42A3-9474-1A3956D46DE8}") = "Foundation", "Foundation", "{8E770773-2E68-49AD-9225-0B37943304E0}"
EndProject
Project("{2150E333-8FDC-42A3-9474-1A3956D46DE8}") = "Integration", "Integration", "{1D2A2D35-AB9E-4E22-A002-2E2636D0F0BC}"
EndProject
Project("{2150E333-8FDC-42A3-9474-1A3956D46DE8}") = "Data", "Data", "{8C12DEFD-1888-4B54-A63D-B03C6188D39F}"
EndProject
Project("{2150E333-8FDC-42A3-9474-1A3956D46DE8}") = "UI", "UI", "{CB897DED-8976-4932-BF30-12B9B745CE5C}"
EndProject
Project("{2150E333-8FDC-42A3-9474-1A3956D46DE8}") = "Mappings", "Mappings", "{5E586484-F91A-44C8-B213-4D47C86FE01F}"
EndProject
Project("{2150E333-8FDC-42A3-9474-1A3956D46DE8}") = "CrossCutting", "CrossCutting", "{2D9B55B4-543D-4DAB-A73B-8767456C9C57}"
EndProject
Project("{9A19103F-16F7-4668-BE54-9A1E7A4F7556}") = "SecurityManagement", "SecurityManagement\SecurityManagement.csproj", "{654F5843-E749-46AF-8097-FB14D2F498EE}"
EndProject
Project("{9A19103F-16F7-4668-BE54-9A1E7A4F7556}") = "SecurityManagement.Contract", "SecurityManagement.Contract\SecurityManagement.Contract.csproj", "{AE5F364F-01CB-4219-83CB-36DACD5C939A}"
EndProject
Project("{9A19103F-16F7-4668-BE54-9A1E7A4F7556}") = "SecurityWorkflows", "SecurityWorkflows\SecurityWorkflows.csproj", "{F4D76BB8-0DD3-4266-97A7-4DBE0C64328C}"
EndProject
Project("{9A19103F-16F7-4668-BE54-9A1E7A4F7556}") = "SecurityWorkflows.Contract", "SecurityWorkflows.Contract\SecurityWorkflows.Contract.csproj", "{F48F94A9-0D34-4998-872D-BC8401F0C8FB}"
EndProject
Project("{9A19103F-16F7-4668-BE54-9A1E7A4F7556}") = "Logging", "Logging\Logging.csproj", "{F6AF3660-8F79-456E-8F36-12F59C713D64}"
EndProject
Project("{9A19103F-16F7-4668-BE54-9A1E7A4F7556}") = "Logging.Contract", "Logging.Contract\Logging.Contract.csproj", "{1A126FB5-ADA0-4DE4-9ABB-B397E16F7006}"
EndProject
Project("{9A19103F-16F7-4668-BE54-9A1E7A4F7556}") = "Logging.Tests", "Logging.Tests\Logging.Tests.csproj", "{9F66525A-0230-4E6D-A363-571CAB3240A9}"
EndProject
Project("{9A19103F-16F7-4668-BE54-9A1E7A4F7556}") = "ConsoleApp1", "ConsoleApp1\ConsoleApp1.csproj", "{86A0E155-6B29-40D4-99B3-A3C7A5D475FA}"
EndProject
Project("{9A19103F-16F7-4668-BE54-9A1E7A4F7556}") = "SecurityManagement.Tests", "SecurityManagement.Tests\SecurityManagement.Tests.csproj", "{54C78DB1-2CEE-4F1B-AEEC-0E9F4AFD5FD3}"
EndProject
Project("{9A19103F-16F7-4668-BE54-9A1E7A4F7556}") = "Core", "Core\Core.csproj", "{4D777765-205A-4680-A6D0-55FEDB710031}"
EndProject
Project("{9A19103F-16F7-4668-BE54-9A1E7A4F7556}") = "Core.Contract", "Core.Contract\Core.Contract.csproj", "{80BDEEAF-F84C-4DC9-8BFB-99D0A0AFFA26}"
EndProject
Project("{9A19103F-16F7-4668-BE54-9A1E7A4F7556}") = "Core.Tests", "Core.Tests\Core.Tests.csproj", "{847841F4-409B-4793-9DA0-1A1DFDDB017C}"
EndProject
Project("{9A19103F-16F7-4668-BE54-9A1E7A4F7556}") = "ProjectManagement", "ProjectManagement\ProjectManagement.csproj", "{B2A566A9-682D-424C-BFFE-04CA6365B14D}"
EndProject
Project("{9A19103F-16F7-4668-BE54-9A1E7A4F7556}") = "ProjectManagement.Contract", "ProjectManagement.Contract\ProjectManagement.Contract.csproj", "{6477D19A-D8A1-47E2-A5E3-A18310E611F2}"
EndProject
Project("{9A19103F-16F7-4668-BE54-9A1E7A4F7556}") = "MasterDataManagement", "MasterDataManagement\MasterDataManagement.csproj", "{43D235A7-FA69-42D4-88B6-A5AB0D43CF90}"
EndProject
Project("{9A19103F-16F7-4668-BE54-9A1E7A4F7556}") = "MasterDataManagement.Contract", "MasterDataManagement.Contract\MasterDataManagement.Contract.csproj", "{6966326C-FE7E-4233-84AA-53248FE7F245}"
EndProject
Project("{9A19103F-16F7-4668-BE54-9A1E7A4F7556}") = "MasterDataManagement.Tests", "MasterDataManagement.Tests\MasterDataManagement.Tests.csproj", "{D79D0E34-A68C-405D-B136-A82BC0B66DF4}"
EndProject
Project("{9A19103F-16F7-4668-BE54-9A1E7A4F7556}") = "ProjectManagement.Tests", "ProjectManagement.Tests\ProjectManagement.Tests.csproj", "{5D2E4749-4877-4343-8053-819E17F7B1DF}"
EndProject
Project("{9A19103F-16F7-4668-BE54-9A1E7A4F7556}") = "Plugin", "Plugin\Plugin.csproj", "{12C29765-523F-4325-8CE7-200B2D8894DB}"
EndProject
Project("{9A19103F-16F7-4668-BE54-9A1E7A4F7556}") = "Plugin.Contract", "Plugin.Contract\Plugin.Contract.csproj", "{41E21C12-2A99-44FD-9949-2EED788734BB}"
EndProject
Project("{9A19103F-16F7-4668-BE54-9A1E7A4F7556}") = "Plugin.Tests", "Plugin.Tests\Plugin.Tests.csproj", "{E5D97BDC-F263-40DC-AC59-6B534991F0FF}"
EndProject
Project("{9A19103F-16F7-4668-BE54-9A1E7A4F7556}") = "FileStorage.Contract", "FileStorage.Contract\FileStorage.Contract.csproj", "{CAF00179-BDD6-4B25-B67D-291A7A3A0418}"
EndProject
Project("{9A19103F-16F7-4668-BE54-9A1E7A4F7556}") = "DataStoring.Contract", "DataStoring.Contract\DataStoring.Contract.csproj", "{432138B5-6C34-444C-B6E6-D34AB4C782D4}"
EndProject
Project("{9A19103F-16F7-4668-BE54-9A1E7A4F7556}") = "FileStorage.OneDrive", "FileStorage.OneDrive\FileStorage.OneDrive.csproj", "{A5B5731E-E619-447B-991C-644621DA0CB1}"
EndProject
Project("{9A19103F-16F7-4668-BE54-9A1E7A4F7556}") = "FileStorage", "FileStorage.FileSystem\FileStorage.csproj", "{962E03ED-03C6-450F-9B28-B17CD42D413B}"
EndProject
Project("{9A19103F-16F7-4668-BE54-9A1E7A4F7556}") = "DataTypes", "DataTypes\DataTypes.csproj", "{D551D99F-A861-44FA-BA5A-162376ADE041}"
EndProject
Project("{9A19103F-16F7-4668-BE54-9A1E7A4F7556}") = "DataStoring.EF", "DataStoring\DataStoring.EF.csproj", "{012744B2-4155-4657-BDF8-827495B72137}"
EndProject
Project("{9A19103F-16F7-4668-BE54-9A1E7A4F7556}") = "ProjectWorkflows", "ProjectWorkflows\ProjectWorkflows.csproj", "{55932820-B976-4C95-AB37-93D28C55366E}"
EndProject
Project("{9A19103F-16F7-4668-BE54-9A1E7A4F7556}") = "ProjectWorkflows.Contract", "ProjectWorkflows.Contract\ProjectWorkflows.Contract.csproj", "{3B3BD162-8F9A-415E-ADE6-3E97B969E2B2}"
EndProject
Project("{9A19103F-16F7-4668-BE54-9A1E7A4F7556}") = "ProjectWorkflows.Tests", "ProjectWorkflows.Tests\ProjectWorkflows.Tests.csproj", "{2078B16C-D2E8-4A8A-8A2F-A695A4BDC5F9}"
EndProject
Project("{9A19103F-16F7-4668-BE54-9A1E7A4F7556}") = "Brokerage.MessageBroker", "Brokerage\Brokerage.MessageBroker.csproj", "{A38A0F09-F3C4-4BDD-B364-7BA70F33A2C2}"
EndProject
Project("{9A19103F-16F7-4668-BE54-9A1E7A4F7556}") = "Brokerage.Contract", "Brokerage.Contract\Brokerage.Contract.csproj", "{0F46F70B-9A8B-4C41-AFA4-471503B88272}"
EndProject
Project("{9A19103F-16F7-4668-BE54-9A1E7A4F7556}") = "Brokerage.Tests", "Brokerage.Tests\Brokerage.Tests.csproj", "{1DBF5C4C-9B75-4230-A466-970C44F3D2B2}"
EndProject
Project("{9A19103F-16F7-4668-BE54-9A1E7A4F7556}") = "EmailMessaging.Contract", "EmailMessaging.Contract\EmailMessaging.Contract.csproj", "{E00F6C24-B561-4353-89FE-E5C0CE9B5CAE}"
EndProject
Project("{9A19103F-16F7-4668-BE54-9A1E7A4F7556}") = "EmailMessaging", "EmailMessaging\EmailMessaging.csproj", "{D19DA650-33B7-442A-9FBC-7B5D1F5E7380}"
EndProject
Project("{9A19103F-16F7-4668-BE54-9A1E7A4F7556}") = "EmailMessaging.Tests", "EmailMessaging.Tests\EmailMessaging.Tests.csproj", "{978EA692-A132-4892-82A4-E1AB1BAFD001}"
EndProject
Project("{9A19103F-16F7-4668-BE54-9A1E7A4F7556}") = "EmailMessaging.MailKit", "EmailMessaging.MailKit\EmailMessaging.MailKit.csproj", "{0A9DB976-83B3-456E-94A5-EACF8A57D809}"
EndProject
Project("{9A19103F-16F7-4668-BE54-9A1E7A4F7556}") = "SalesManagement", "SalesManagement\SalesManagement.csproj", "{4EB2C502-6006-44D6-89E6-521B3D708FAC}"
EndProject
Project("{9A19103F-16F7-4668-BE54-9A1E7A4F7556}") = "SalesManagement.Contract", "SalesManagement.Contract\SalesManagement.Contract.csproj", "{412B27AD-B5E9-4D92-AFAF-032A815A7FFF}"
EndProject
Project("{9A19103F-16F7-4668-BE54-9A1E7A4F7556}") = "FileStorage.FileTransfer", "FileStorage.FileTransferProtocol\FileStorage.FileTransfer.csproj", "{5765A29D-4CEA-4956-823D-F4B9AFD43BF9}"
EndProject
Project("{9A19103F-16F7-4668-BE54-9A1E7A4F7556}") = "FileStorage.Tests", "FileStorage.Tests\FileStorage.Tests.csproj", "{2E7E406B-9489-4AC1-B262-E5652671C806}"
EndProject
Project("{9A19103F-16F7-4668-BE54-9A1E7A4F7556}") = "Configuration", "Configuration\Configuration.csproj", "{084F2775-49B2-4EBC-A2F6-319DD7F803A2}"
EndProject
Project("{9A19103F-16F7-4668-BE54-9A1E7A4F7556}") = "Configuration.Contract", "Configuration.Contract\Configuration.Contract.csproj", "{6840E505-E07A-4849-A419-CF99BB1E3761}"
EndProject
Project("{9A19103F-16F7-4668-BE54-9A1E7A4F7556}") = "Configuration.Tests", "Configuration.Tests\Configuration.Tests.csproj", "{32896C00-024E-433D-867D-EF7570A79881}"
EndProject
Project("{9A19103F-16F7-4668-BE54-9A1E7A4F7556}") = "SecurityWorkflows.Tests", "SecurityWorkflows.Tests\SecurityWorkflows.Tests.csproj", "{3EC42DD6-B439-4175-AACD-78EC454B7241}"
EndProject
Project("{9A19103F-16F7-4668-BE54-9A1E7A4F7556}") = "GoodsReceivingWorkflows", "GoodsReceivingWorkflows\GoodsReceivingWorkflows.csproj", "{486CA3F5-B69C-46ED-B773-3DA1B388C720}"
EndProject
Project("{9A19103F-16F7-4668-BE54-9A1E7A4F7556}") = "GoodsReceivingWorkflows.Contract", "GoodsReceivingWorkflows.Contract\GoodsReceivingWorkflows.Contract.csproj", "{31D0278A-1803-43C6-BB89-7DA2450F3731}"
EndProject
Project("{9A19103F-16F7-4668-BE54-9A1E7A4F7556}") = "GoodsReceivingWorkflows.Tests", "GoodsReceivingWorkflows.Tests\GoodsReceivingWorkflows.Tests.csproj", "{74F892BA-C294-4A6A-85A8-3573E5F3B3C4}"
EndProject
Project("{9A19103F-16F7-4668-BE54-9A1E7A4F7556}") = "Mapping.Ninject", "Mapping.Ninject\Mapping.Ninject.csproj", "{0CE3864E-156B-4D5C-979B-E8D3984DC54D}"
EndProject
Project("{9A19103F-16F7-4668-BE54-9A1E7A4F7556}") = "SalesManagement.Tests", "SalesManagement.Tests\SalesManagement.Tests.csproj", "{F3103A8E-6153-455E-9AE4-CDADB3645275}"
EndProject
Project("{9A19103F-16F7-4668-BE54-9A1E7A4F7556}") = "GoodsReceivingManagement", "GoodsReceivingManagement\GoodsReceivingManagement.csproj", "{89ADF434-3D8E-4556-B144-9091F57CC68E}"
EndProject
Project("{9A19103F-16F7-4668-BE54-9A1E7A4F7556}") = "GoodsReceivingManagement.Contract", "GoodsReceivingManagement.Contract\GoodsReceivingManagement.Contract.csproj", "{5A9F52AA-D17A-4A8C-9315-B383010CDFD5}"
EndProject
Project("{9A19103F-16F7-4668-BE54-9A1E7A4F7556}") = "GoodsReceivingManagement.Tests", "GoodsReceivingManagement.Tests\GoodsReceivingManagement.Tests.csproj", "{250730E8-C59D-458E-AEF2-67D3FA2F4BB4}"
EndProject
Project("{9A19103F-16F7-4668-BE54-9A1E7A4F7556}") = "PurchasingManagement", "PurchasingManagement\PurchasingManagement.csproj", "{CEA7AF22-DD77-4BD3-88D6-9E26A7D9B197}"
EndProject
Project("{9A19103F-16F7-4668-BE54-9A1E7A4F7556}") = "PurchasingManagement.Contract", "PurchasingManagement.Contract\PurchasingManagement.Contract.csproj", "{F6657EF6-9D7C-4393-AECD-2CC90827C931}"
EndProject
Project("{9A19103F-16F7-4668-BE54-9A1E7A4F7556}") = "PurchasingManagement.Tests", "PurchasingManagement.Tests\PurchasingManagement.Tests.csproj", "{7A0D6670-7FE8-4C6F-97F5-31A2F82A5FC0}"
EndProject
Project("{FAE04EC0-301F-11D3-BF4B-00C04F79EFBC}") = "App1.Android", "App1\App1.Android\App1.Android.csproj", "{12A63CC0-DCCD-4829-9148-8A74395E6D67}"
EndProject
Project("{9A19103F-16F7-4668-BE54-9A1E7A4F7556}") = "App1", "App1\App1\App1.csproj", "{91B36463-3896-487B-BB60-4E5B70B1B61C}"
EndProject
Project("{FAE04EC0-301F-11D3-BF4B-00C04F79EFBC}") = "WpfAppX", "WpfAppX\WpfAppX.csproj", "{F2499A9C-C513-40BC-96B2-A5920F9C0FD3}"
EndProject
Global
	GlobalSection(SolutionConfigurationPlatforms) = preSolution
		Debug|Any CPU = Debug|Any CPU
		Release|Any CPU = Release|Any CPU
	EndGlobalSection
	GlobalSection(ProjectConfigurationPlatforms) = postSolution
		{654F5843-E749-46AF-8097-FB14D2F498EE}.Debug|Any CPU.ActiveCfg = Debug|Any CPU
		{654F5843-E749-46AF-8097-FB14D2F498EE}.Debug|Any CPU.Build.0 = Debug|Any CPU
		{654F5843-E749-46AF-8097-FB14D2F498EE}.Release|Any CPU.ActiveCfg = Release|Any CPU
		{654F5843-E749-46AF-8097-FB14D2F498EE}.Release|Any CPU.Build.0 = Release|Any CPU
		{AE5F364F-01CB-4219-83CB-36DACD5C939A}.Debug|Any CPU.ActiveCfg = Debug|Any CPU
		{AE5F364F-01CB-4219-83CB-36DACD5C939A}.Debug|Any CPU.Build.0 = Debug|Any CPU
		{AE5F364F-01CB-4219-83CB-36DACD5C939A}.Release|Any CPU.ActiveCfg = Release|Any CPU
		{AE5F364F-01CB-4219-83CB-36DACD5C939A}.Release|Any CPU.Build.0 = Release|Any CPU
		{F4D76BB8-0DD3-4266-97A7-4DBE0C64328C}.Debug|Any CPU.ActiveCfg = Debug|Any CPU
		{F4D76BB8-0DD3-4266-97A7-4DBE0C64328C}.Debug|Any CPU.Build.0 = Debug|Any CPU
		{F4D76BB8-0DD3-4266-97A7-4DBE0C64328C}.Release|Any CPU.ActiveCfg = Release|Any CPU
		{F4D76BB8-0DD3-4266-97A7-4DBE0C64328C}.Release|Any CPU.Build.0 = Release|Any CPU
		{F48F94A9-0D34-4998-872D-BC8401F0C8FB}.Debug|Any CPU.ActiveCfg = Debug|Any CPU
		{F48F94A9-0D34-4998-872D-BC8401F0C8FB}.Debug|Any CPU.Build.0 = Debug|Any CPU
		{F48F94A9-0D34-4998-872D-BC8401F0C8FB}.Release|Any CPU.ActiveCfg = Release|Any CPU
		{F48F94A9-0D34-4998-872D-BC8401F0C8FB}.Release|Any CPU.Build.0 = Release|Any CPU
		{F6AF3660-8F79-456E-8F36-12F59C713D64}.Debug|Any CPU.ActiveCfg = Debug|Any CPU
		{F6AF3660-8F79-456E-8F36-12F59C713D64}.Debug|Any CPU.Build.0 = Debug|Any CPU
		{F6AF3660-8F79-456E-8F36-12F59C713D64}.Release|Any CPU.ActiveCfg = Release|Any CPU
		{F6AF3660-8F79-456E-8F36-12F59C713D64}.Release|Any CPU.Build.0 = Release|Any CPU
		{1A126FB5-ADA0-4DE4-9ABB-B397E16F7006}.Debug|Any CPU.ActiveCfg = Debug|Any CPU
		{1A126FB5-ADA0-4DE4-9ABB-B397E16F7006}.Debug|Any CPU.Build.0 = Debug|Any CPU
		{1A126FB5-ADA0-4DE4-9ABB-B397E16F7006}.Release|Any CPU.ActiveCfg = Release|Any CPU
		{1A126FB5-ADA0-4DE4-9ABB-B397E16F7006}.Release|Any CPU.Build.0 = Release|Any CPU
		{9F66525A-0230-4E6D-A363-571CAB3240A9}.Debug|Any CPU.ActiveCfg = Debug|Any CPU
		{9F66525A-0230-4E6D-A363-571CAB3240A9}.Debug|Any CPU.Build.0 = Debug|Any CPU
		{9F66525A-0230-4E6D-A363-571CAB3240A9}.Release|Any CPU.ActiveCfg = Release|Any CPU
		{9F66525A-0230-4E6D-A363-571CAB3240A9}.Release|Any CPU.Build.0 = Release|Any CPU
		{86A0E155-6B29-40D4-99B3-A3C7A5D475FA}.Debug|Any CPU.ActiveCfg = Debug|Any CPU
		{86A0E155-6B29-40D4-99B3-A3C7A5D475FA}.Debug|Any CPU.Build.0 = Debug|Any CPU
		{86A0E155-6B29-40D4-99B3-A3C7A5D475FA}.Release|Any CPU.ActiveCfg = Release|Any CPU
		{86A0E155-6B29-40D4-99B3-A3C7A5D475FA}.Release|Any CPU.Build.0 = Release|Any CPU
		{54C78DB1-2CEE-4F1B-AEEC-0E9F4AFD5FD3}.Debug|Any CPU.ActiveCfg = Debug|Any CPU
		{54C78DB1-2CEE-4F1B-AEEC-0E9F4AFD5FD3}.Debug|Any CPU.Build.0 = Debug|Any CPU
		{54C78DB1-2CEE-4F1B-AEEC-0E9F4AFD5FD3}.Release|Any CPU.ActiveCfg = Release|Any CPU
		{54C78DB1-2CEE-4F1B-AEEC-0E9F4AFD5FD3}.Release|Any CPU.Build.0 = Release|Any CPU
		{4D777765-205A-4680-A6D0-55FEDB710031}.Debug|Any CPU.ActiveCfg = Debug|Any CPU
		{4D777765-205A-4680-A6D0-55FEDB710031}.Debug|Any CPU.Build.0 = Debug|Any CPU
		{4D777765-205A-4680-A6D0-55FEDB710031}.Release|Any CPU.ActiveCfg = Release|Any CPU
		{4D777765-205A-4680-A6D0-55FEDB710031}.Release|Any CPU.Build.0 = Release|Any CPU
		{80BDEEAF-F84C-4DC9-8BFB-99D0A0AFFA26}.Debug|Any CPU.ActiveCfg = Debug|Any CPU
		{80BDEEAF-F84C-4DC9-8BFB-99D0A0AFFA26}.Debug|Any CPU.Build.0 = Debug|Any CPU
		{80BDEEAF-F84C-4DC9-8BFB-99D0A0AFFA26}.Release|Any CPU.ActiveCfg = Release|Any CPU
		{80BDEEAF-F84C-4DC9-8BFB-99D0A0AFFA26}.Release|Any CPU.Build.0 = Release|Any CPU
		{847841F4-409B-4793-9DA0-1A1DFDDB017C}.Debug|Any CPU.ActiveCfg = Debug|Any CPU
		{847841F4-409B-4793-9DA0-1A1DFDDB017C}.Debug|Any CPU.Build.0 = Debug|Any CPU
		{847841F4-409B-4793-9DA0-1A1DFDDB017C}.Release|Any CPU.ActiveCfg = Release|Any CPU
		{847841F4-409B-4793-9DA0-1A1DFDDB017C}.Release|Any CPU.Build.0 = Release|Any CPU
		{B2A566A9-682D-424C-BFFE-04CA6365B14D}.Debug|Any CPU.ActiveCfg = Debug|Any CPU
		{B2A566A9-682D-424C-BFFE-04CA6365B14D}.Debug|Any CPU.Build.0 = Debug|Any CPU
		{B2A566A9-682D-424C-BFFE-04CA6365B14D}.Release|Any CPU.ActiveCfg = Release|Any CPU
		{B2A566A9-682D-424C-BFFE-04CA6365B14D}.Release|Any CPU.Build.0 = Release|Any CPU
		{6477D19A-D8A1-47E2-A5E3-A18310E611F2}.Debug|Any CPU.ActiveCfg = Debug|Any CPU
		{6477D19A-D8A1-47E2-A5E3-A18310E611F2}.Debug|Any CPU.Build.0 = Debug|Any CPU
		{6477D19A-D8A1-47E2-A5E3-A18310E611F2}.Release|Any CPU.ActiveCfg = Release|Any CPU
		{6477D19A-D8A1-47E2-A5E3-A18310E611F2}.Release|Any CPU.Build.0 = Release|Any CPU
		{43D235A7-FA69-42D4-88B6-A5AB0D43CF90}.Debug|Any CPU.ActiveCfg = Debug|Any CPU
		{43D235A7-FA69-42D4-88B6-A5AB0D43CF90}.Debug|Any CPU.Build.0 = Debug|Any CPU
		{43D235A7-FA69-42D4-88B6-A5AB0D43CF90}.Release|Any CPU.ActiveCfg = Release|Any CPU
		{43D235A7-FA69-42D4-88B6-A5AB0D43CF90}.Release|Any CPU.Build.0 = Release|Any CPU
		{6966326C-FE7E-4233-84AA-53248FE7F245}.Debug|Any CPU.ActiveCfg = Debug|Any CPU
		{6966326C-FE7E-4233-84AA-53248FE7F245}.Debug|Any CPU.Build.0 = Debug|Any CPU
		{6966326C-FE7E-4233-84AA-53248FE7F245}.Release|Any CPU.ActiveCfg = Release|Any CPU
		{6966326C-FE7E-4233-84AA-53248FE7F245}.Release|Any CPU.Build.0 = Release|Any CPU
		{D79D0E34-A68C-405D-B136-A82BC0B66DF4}.Debug|Any CPU.ActiveCfg = Debug|Any CPU
		{D79D0E34-A68C-405D-B136-A82BC0B66DF4}.Debug|Any CPU.Build.0 = Debug|Any CPU
		{D79D0E34-A68C-405D-B136-A82BC0B66DF4}.Release|Any CPU.ActiveCfg = Release|Any CPU
		{D79D0E34-A68C-405D-B136-A82BC0B66DF4}.Release|Any CPU.Build.0 = Release|Any CPU
		{5D2E4749-4877-4343-8053-819E17F7B1DF}.Debug|Any CPU.ActiveCfg = Debug|Any CPU
		{5D2E4749-4877-4343-8053-819E17F7B1DF}.Debug|Any CPU.Build.0 = Debug|Any CPU
		{5D2E4749-4877-4343-8053-819E17F7B1DF}.Release|Any CPU.ActiveCfg = Release|Any CPU
		{5D2E4749-4877-4343-8053-819E17F7B1DF}.Release|Any CPU.Build.0 = Release|Any CPU
		{12C29765-523F-4325-8CE7-200B2D8894DB}.Debug|Any CPU.ActiveCfg = Debug|Any CPU
		{12C29765-523F-4325-8CE7-200B2D8894DB}.Debug|Any CPU.Build.0 = Debug|Any CPU
		{12C29765-523F-4325-8CE7-200B2D8894DB}.Release|Any CPU.ActiveCfg = Release|Any CPU
		{12C29765-523F-4325-8CE7-200B2D8894DB}.Release|Any CPU.Build.0 = Release|Any CPU
		{41E21C12-2A99-44FD-9949-2EED788734BB}.Debug|Any CPU.ActiveCfg = Debug|Any CPU
		{41E21C12-2A99-44FD-9949-2EED788734BB}.Debug|Any CPU.Build.0 = Debug|Any CPU
		{41E21C12-2A99-44FD-9949-2EED788734BB}.Release|Any CPU.ActiveCfg = Release|Any CPU
		{41E21C12-2A99-44FD-9949-2EED788734BB}.Release|Any CPU.Build.0 = Release|Any CPU
		{E5D97BDC-F263-40DC-AC59-6B534991F0FF}.Debug|Any CPU.ActiveCfg = Debug|Any CPU
		{E5D97BDC-F263-40DC-AC59-6B534991F0FF}.Debug|Any CPU.Build.0 = Debug|Any CPU
		{E5D97BDC-F263-40DC-AC59-6B534991F0FF}.Release|Any CPU.ActiveCfg = Release|Any CPU
		{E5D97BDC-F263-40DC-AC59-6B534991F0FF}.Release|Any CPU.Build.0 = Release|Any CPU
		{CAF00179-BDD6-4B25-B67D-291A7A3A0418}.Debug|Any CPU.ActiveCfg = Debug|Any CPU
		{CAF00179-BDD6-4B25-B67D-291A7A3A0418}.Debug|Any CPU.Build.0 = Debug|Any CPU
		{CAF00179-BDD6-4B25-B67D-291A7A3A0418}.Release|Any CPU.ActiveCfg = Release|Any CPU
		{CAF00179-BDD6-4B25-B67D-291A7A3A0418}.Release|Any CPU.Build.0 = Release|Any CPU
		{432138B5-6C34-444C-B6E6-D34AB4C782D4}.Debug|Any CPU.ActiveCfg = Debug|Any CPU
		{432138B5-6C34-444C-B6E6-D34AB4C782D4}.Debug|Any CPU.Build.0 = Debug|Any CPU
		{432138B5-6C34-444C-B6E6-D34AB4C782D4}.Release|Any CPU.ActiveCfg = Release|Any CPU
		{432138B5-6C34-444C-B6E6-D34AB4C782D4}.Release|Any CPU.Build.0 = Release|Any CPU
		{A5B5731E-E619-447B-991C-644621DA0CB1}.Debug|Any CPU.ActiveCfg = Debug|Any CPU
		{A5B5731E-E619-447B-991C-644621DA0CB1}.Debug|Any CPU.Build.0 = Debug|Any CPU
		{A5B5731E-E619-447B-991C-644621DA0CB1}.Release|Any CPU.ActiveCfg = Release|Any CPU
		{A5B5731E-E619-447B-991C-644621DA0CB1}.Release|Any CPU.Build.0 = Release|Any CPU
		{962E03ED-03C6-450F-9B28-B17CD42D413B}.Debug|Any CPU.ActiveCfg = Debug|Any CPU
		{962E03ED-03C6-450F-9B28-B17CD42D413B}.Debug|Any CPU.Build.0 = Debug|Any CPU
		{962E03ED-03C6-450F-9B28-B17CD42D413B}.Release|Any CPU.ActiveCfg = Release|Any CPU
		{962E03ED-03C6-450F-9B28-B17CD42D413B}.Release|Any CPU.Build.0 = Release|Any CPU
		{D551D99F-A861-44FA-BA5A-162376ADE041}.Debug|Any CPU.ActiveCfg = Debug|Any CPU
		{D551D99F-A861-44FA-BA5A-162376ADE041}.Debug|Any CPU.Build.0 = Debug|Any CPU
		{D551D99F-A861-44FA-BA5A-162376ADE041}.Release|Any CPU.ActiveCfg = Release|Any CPU
		{D551D99F-A861-44FA-BA5A-162376ADE041}.Release|Any CPU.Build.0 = Release|Any CPU
		{012744B2-4155-4657-BDF8-827495B72137}.Debug|Any CPU.ActiveCfg = Debug|Any CPU
		{012744B2-4155-4657-BDF8-827495B72137}.Debug|Any CPU.Build.0 = Debug|Any CPU
		{012744B2-4155-4657-BDF8-827495B72137}.Release|Any CPU.ActiveCfg = Release|Any CPU
		{012744B2-4155-4657-BDF8-827495B72137}.Release|Any CPU.Build.0 = Release|Any CPU
		{55932820-B976-4C95-AB37-93D28C55366E}.Debug|Any CPU.ActiveCfg = Debug|Any CPU
		{55932820-B976-4C95-AB37-93D28C55366E}.Debug|Any CPU.Build.0 = Debug|Any CPU
		{55932820-B976-4C95-AB37-93D28C55366E}.Release|Any CPU.ActiveCfg = Release|Any CPU
		{55932820-B976-4C95-AB37-93D28C55366E}.Release|Any CPU.Build.0 = Release|Any CPU
		{3B3BD162-8F9A-415E-ADE6-3E97B969E2B2}.Debug|Any CPU.ActiveCfg = Debug|Any CPU
		{3B3BD162-8F9A-415E-ADE6-3E97B969E2B2}.Debug|Any CPU.Build.0 = Debug|Any CPU
		{3B3BD162-8F9A-415E-ADE6-3E97B969E2B2}.Release|Any CPU.ActiveCfg = Release|Any CPU
		{3B3BD162-8F9A-415E-ADE6-3E97B969E2B2}.Release|Any CPU.Build.0 = Release|Any CPU
		{2078B16C-D2E8-4A8A-8A2F-A695A4BDC5F9}.Debug|Any CPU.ActiveCfg = Debug|Any CPU
		{2078B16C-D2E8-4A8A-8A2F-A695A4BDC5F9}.Debug|Any CPU.Build.0 = Debug|Any CPU
		{2078B16C-D2E8-4A8A-8A2F-A695A4BDC5F9}.Release|Any CPU.ActiveCfg = Release|Any CPU
		{2078B16C-D2E8-4A8A-8A2F-A695A4BDC5F9}.Release|Any CPU.Build.0 = Release|Any CPU
		{A38A0F09-F3C4-4BDD-B364-7BA70F33A2C2}.Debug|Any CPU.ActiveCfg = Debug|Any CPU
		{A38A0F09-F3C4-4BDD-B364-7BA70F33A2C2}.Debug|Any CPU.Build.0 = Debug|Any CPU
		{A38A0F09-F3C4-4BDD-B364-7BA70F33A2C2}.Release|Any CPU.ActiveCfg = Release|Any CPU
		{A38A0F09-F3C4-4BDD-B364-7BA70F33A2C2}.Release|Any CPU.Build.0 = Release|Any CPU
		{0F46F70B-9A8B-4C41-AFA4-471503B88272}.Debug|Any CPU.ActiveCfg = Debug|Any CPU
		{0F46F70B-9A8B-4C41-AFA4-471503B88272}.Debug|Any CPU.Build.0 = Debug|Any CPU
		{0F46F70B-9A8B-4C41-AFA4-471503B88272}.Release|Any CPU.ActiveCfg = Release|Any CPU
		{0F46F70B-9A8B-4C41-AFA4-471503B88272}.Release|Any CPU.Build.0 = Release|Any CPU
		{1DBF5C4C-9B75-4230-A466-970C44F3D2B2}.Debug|Any CPU.ActiveCfg = Debug|Any CPU
		{1DBF5C4C-9B75-4230-A466-970C44F3D2B2}.Debug|Any CPU.Build.0 = Debug|Any CPU
		{1DBF5C4C-9B75-4230-A466-970C44F3D2B2}.Release|Any CPU.ActiveCfg = Release|Any CPU
		{1DBF5C4C-9B75-4230-A466-970C44F3D2B2}.Release|Any CPU.Build.0 = Release|Any CPU
		{E00F6C24-B561-4353-89FE-E5C0CE9B5CAE}.Debug|Any CPU.ActiveCfg = Debug|Any CPU
		{E00F6C24-B561-4353-89FE-E5C0CE9B5CAE}.Debug|Any CPU.Build.0 = Debug|Any CPU
		{E00F6C24-B561-4353-89FE-E5C0CE9B5CAE}.Release|Any CPU.ActiveCfg = Release|Any CPU
		{E00F6C24-B561-4353-89FE-E5C0CE9B5CAE}.Release|Any CPU.Build.0 = Release|Any CPU
		{D19DA650-33B7-442A-9FBC-7B5D1F5E7380}.Debug|Any CPU.ActiveCfg = Debug|Any CPU
		{D19DA650-33B7-442A-9FBC-7B5D1F5E7380}.Debug|Any CPU.Build.0 = Debug|Any CPU
		{D19DA650-33B7-442A-9FBC-7B5D1F5E7380}.Release|Any CPU.ActiveCfg = Release|Any CPU
		{D19DA650-33B7-442A-9FBC-7B5D1F5E7380}.Release|Any CPU.Build.0 = Release|Any CPU
		{978EA692-A132-4892-82A4-E1AB1BAFD001}.Debug|Any CPU.ActiveCfg = Debug|Any CPU
		{978EA692-A132-4892-82A4-E1AB1BAFD001}.Debug|Any CPU.Build.0 = Debug|Any CPU
		{978EA692-A132-4892-82A4-E1AB1BAFD001}.Release|Any CPU.ActiveCfg = Release|Any CPU
		{978EA692-A132-4892-82A4-E1AB1BAFD001}.Release|Any CPU.Build.0 = Release|Any CPU
		{0A9DB976-83B3-456E-94A5-EACF8A57D809}.Debug|Any CPU.ActiveCfg = Debug|Any CPU
		{0A9DB976-83B3-456E-94A5-EACF8A57D809}.Debug|Any CPU.Build.0 = Debug|Any CPU
		{0A9DB976-83B3-456E-94A5-EACF8A57D809}.Release|Any CPU.ActiveCfg = Release|Any CPU
		{0A9DB976-83B3-456E-94A5-EACF8A57D809}.Release|Any CPU.Build.0 = Release|Any CPU
		{4EB2C502-6006-44D6-89E6-521B3D708FAC}.Debug|Any CPU.ActiveCfg = Debug|Any CPU
		{4EB2C502-6006-44D6-89E6-521B3D708FAC}.Debug|Any CPU.Build.0 = Debug|Any CPU
		{4EB2C502-6006-44D6-89E6-521B3D708FAC}.Release|Any CPU.ActiveCfg = Release|Any CPU
		{4EB2C502-6006-44D6-89E6-521B3D708FAC}.Release|Any CPU.Build.0 = Release|Any CPU
		{412B27AD-B5E9-4D92-AFAF-032A815A7FFF}.Debug|Any CPU.ActiveCfg = Debug|Any CPU
		{412B27AD-B5E9-4D92-AFAF-032A815A7FFF}.Debug|Any CPU.Build.0 = Debug|Any CPU
		{412B27AD-B5E9-4D92-AFAF-032A815A7FFF}.Release|Any CPU.ActiveCfg = Release|Any CPU
		{412B27AD-B5E9-4D92-AFAF-032A815A7FFF}.Release|Any CPU.Build.0 = Release|Any CPU
		{5765A29D-4CEA-4956-823D-F4B9AFD43BF9}.Debug|Any CPU.ActiveCfg = Debug|Any CPU
		{5765A29D-4CEA-4956-823D-F4B9AFD43BF9}.Debug|Any CPU.Build.0 = Debug|Any CPU
		{5765A29D-4CEA-4956-823D-F4B9AFD43BF9}.Release|Any CPU.ActiveCfg = Release|Any CPU
		{5765A29D-4CEA-4956-823D-F4B9AFD43BF9}.Release|Any CPU.Build.0 = Release|Any CPU
		{2E7E406B-9489-4AC1-B262-E5652671C806}.Debug|Any CPU.ActiveCfg = Debug|Any CPU
		{2E7E406B-9489-4AC1-B262-E5652671C806}.Debug|Any CPU.Build.0 = Debug|Any CPU
		{2E7E406B-9489-4AC1-B262-E5652671C806}.Release|Any CPU.ActiveCfg = Release|Any CPU
		{2E7E406B-9489-4AC1-B262-E5652671C806}.Release|Any CPU.Build.0 = Release|Any CPU
		{084F2775-49B2-4EBC-A2F6-319DD7F803A2}.Debug|Any CPU.ActiveCfg = Debug|Any CPU
		{084F2775-49B2-4EBC-A2F6-319DD7F803A2}.Debug|Any CPU.Build.0 = Debug|Any CPU
		{084F2775-49B2-4EBC-A2F6-319DD7F803A2}.Release|Any CPU.ActiveCfg = Release|Any CPU
		{084F2775-49B2-4EBC-A2F6-319DD7F803A2}.Release|Any CPU.Build.0 = Release|Any CPU
		{6840E505-E07A-4849-A419-CF99BB1E3761}.Debug|Any CPU.ActiveCfg = Debug|Any CPU
		{6840E505-E07A-4849-A419-CF99BB1E3761}.Debug|Any CPU.Build.0 = Debug|Any CPU
		{6840E505-E07A-4849-A419-CF99BB1E3761}.Release|Any CPU.ActiveCfg = Release|Any CPU
		{6840E505-E07A-4849-A419-CF99BB1E3761}.Release|Any CPU.Build.0 = Release|Any CPU
		{32896C00-024E-433D-867D-EF7570A79881}.Debug|Any CPU.ActiveCfg = Debug|Any CPU
		{32896C00-024E-433D-867D-EF7570A79881}.Debug|Any CPU.Build.0 = Debug|Any CPU
		{32896C00-024E-433D-867D-EF7570A79881}.Release|Any CPU.ActiveCfg = Release|Any CPU
		{32896C00-024E-433D-867D-EF7570A79881}.Release|Any CPU.Build.0 = Release|Any CPU
		{3EC42DD6-B439-4175-AACD-78EC454B7241}.Debug|Any CPU.ActiveCfg = Debug|Any CPU
		{3EC42DD6-B439-4175-AACD-78EC454B7241}.Debug|Any CPU.Build.0 = Debug|Any CPU
		{3EC42DD6-B439-4175-AACD-78EC454B7241}.Release|Any CPU.ActiveCfg = Release|Any CPU
		{3EC42DD6-B439-4175-AACD-78EC454B7241}.Release|Any CPU.Build.0 = Release|Any CPU
		{486CA3F5-B69C-46ED-B773-3DA1B388C720}.Debug|Any CPU.ActiveCfg = Debug|Any CPU
		{486CA3F5-B69C-46ED-B773-3DA1B388C720}.Debug|Any CPU.Build.0 = Debug|Any CPU
		{486CA3F5-B69C-46ED-B773-3DA1B388C720}.Release|Any CPU.ActiveCfg = Release|Any CPU
		{486CA3F5-B69C-46ED-B773-3DA1B388C720}.Release|Any CPU.Build.0 = Release|Any CPU
		{31D0278A-1803-43C6-BB89-7DA2450F3731}.Debug|Any CPU.ActiveCfg = Debug|Any CPU
		{31D0278A-1803-43C6-BB89-7DA2450F3731}.Debug|Any CPU.Build.0 = Debug|Any CPU
		{31D0278A-1803-43C6-BB89-7DA2450F3731}.Release|Any CPU.ActiveCfg = Release|Any CPU
		{31D0278A-1803-43C6-BB89-7DA2450F3731}.Release|Any CPU.Build.0 = Release|Any CPU
		{74F892BA-C294-4A6A-85A8-3573E5F3B3C4}.Debug|Any CPU.ActiveCfg = Debug|Any CPU
		{74F892BA-C294-4A6A-85A8-3573E5F3B3C4}.Debug|Any CPU.Build.0 = Debug|Any CPU
		{74F892BA-C294-4A6A-85A8-3573E5F3B3C4}.Release|Any CPU.ActiveCfg = Release|Any CPU
		{74F892BA-C294-4A6A-85A8-3573E5F3B3C4}.Release|Any CPU.Build.0 = Release|Any CPU
		{0CE3864E-156B-4D5C-979B-E8D3984DC54D}.Debug|Any CPU.ActiveCfg = Debug|Any CPU
		{0CE3864E-156B-4D5C-979B-E8D3984DC54D}.Debug|Any CPU.Build.0 = Debug|Any CPU
		{0CE3864E-156B-4D5C-979B-E8D3984DC54D}.Release|Any CPU.ActiveCfg = Release|Any CPU
		{0CE3864E-156B-4D5C-979B-E8D3984DC54D}.Release|Any CPU.Build.0 = Release|Any CPU
		{F3103A8E-6153-455E-9AE4-CDADB3645275}.Debug|Any CPU.ActiveCfg = Debug|Any CPU
		{F3103A8E-6153-455E-9AE4-CDADB3645275}.Debug|Any CPU.Build.0 = Debug|Any CPU
		{F3103A8E-6153-455E-9AE4-CDADB3645275}.Release|Any CPU.ActiveCfg = Release|Any CPU
		{F3103A8E-6153-455E-9AE4-CDADB3645275}.Release|Any CPU.Build.0 = Release|Any CPU
		{89ADF434-3D8E-4556-B144-9091F57CC68E}.Debug|Any CPU.ActiveCfg = Debug|Any CPU
		{89ADF434-3D8E-4556-B144-9091F57CC68E}.Debug|Any CPU.Build.0 = Debug|Any CPU
		{89ADF434-3D8E-4556-B144-9091F57CC68E}.Release|Any CPU.ActiveCfg = Release|Any CPU
		{89ADF434-3D8E-4556-B144-9091F57CC68E}.Release|Any CPU.Build.0 = Release|Any CPU
		{5A9F52AA-D17A-4A8C-9315-B383010CDFD5}.Debug|Any CPU.ActiveCfg = Debug|Any CPU
		{5A9F52AA-D17A-4A8C-9315-B383010CDFD5}.Debug|Any CPU.Build.0 = Debug|Any CPU
		{5A9F52AA-D17A-4A8C-9315-B383010CDFD5}.Release|Any CPU.ActiveCfg = Release|Any CPU
		{5A9F52AA-D17A-4A8C-9315-B383010CDFD5}.Release|Any CPU.Build.0 = Release|Any CPU
		{250730E8-C59D-458E-AEF2-67D3FA2F4BB4}.Debug|Any CPU.ActiveCfg = Debug|Any CPU
		{250730E8-C59D-458E-AEF2-67D3FA2F4BB4}.Debug|Any CPU.Build.0 = Debug|Any CPU
		{250730E8-C59D-458E-AEF2-67D3FA2F4BB4}.Release|Any CPU.ActiveCfg = Release|Any CPU
		{250730E8-C59D-458E-AEF2-67D3FA2F4BB4}.Release|Any CPU.Build.0 = Release|Any CPU
		{CEA7AF22-DD77-4BD3-88D6-9E26A7D9B197}.Debug|Any CPU.ActiveCfg = Debug|Any CPU
		{CEA7AF22-DD77-4BD3-88D6-9E26A7D9B197}.Debug|Any CPU.Build.0 = Debug|Any CPU
		{CEA7AF22-DD77-4BD3-88D6-9E26A7D9B197}.Release|Any CPU.ActiveCfg = Release|Any CPU
		{CEA7AF22-DD77-4BD3-88D6-9E26A7D9B197}.Release|Any CPU.Build.0 = Release|Any CPU
		{F6657EF6-9D7C-4393-AECD-2CC90827C931}.Debug|Any CPU.ActiveCfg = Debug|Any CPU
		{F6657EF6-9D7C-4393-AECD-2CC90827C931}.Debug|Any CPU.Build.0 = Debug|Any CPU
		{F6657EF6-9D7C-4393-AECD-2CC90827C931}.Release|Any CPU.ActiveCfg = Release|Any CPU
		{F6657EF6-9D7C-4393-AECD-2CC90827C931}.Release|Any CPU.Build.0 = Release|Any CPU
		{7A0D6670-7FE8-4C6F-97F5-31A2F82A5FC0}.Debug|Any CPU.ActiveCfg = Debug|Any CPU
		{7A0D6670-7FE8-4C6F-97F5-31A2F82A5FC0}.Debug|Any CPU.Build.0 = Debug|Any CPU
		{7A0D6670-7FE8-4C6F-97F5-31A2F82A5FC0}.Release|Any CPU.ActiveCfg = Release|Any CPU
		{7A0D6670-7FE8-4C6F-97F5-31A2F82A5FC0}.Release|Any CPU.Build.0 = Release|Any CPU
		{12A63CC0-DCCD-4829-9148-8A74395E6D67}.Debug|Any CPU.ActiveCfg = Debug|Any CPU
		{12A63CC0-DCCD-4829-9148-8A74395E6D67}.Debug|Any CPU.Build.0 = Debug|Any CPU
		{12A63CC0-DCCD-4829-9148-8A74395E6D67}.Debug|Any CPU.Deploy.0 = Debug|Any CPU
		{12A63CC0-DCCD-4829-9148-8A74395E6D67}.Release|Any CPU.ActiveCfg = Release|Any CPU
		{12A63CC0-DCCD-4829-9148-8A74395E6D67}.Release|Any CPU.Build.0 = Release|Any CPU
		{12A63CC0-DCCD-4829-9148-8A74395E6D67}.Release|Any CPU.Deploy.0 = Release|Any CPU
		{91B36463-3896-487B-BB60-4E5B70B1B61C}.Debug|Any CPU.ActiveCfg = Debug|Any CPU
		{91B36463-3896-487B-BB60-4E5B70B1B61C}.Debug|Any CPU.Build.0 = Debug|Any CPU
		{91B36463-3896-487B-BB60-4E5B70B1B61C}.Release|Any CPU.ActiveCfg = Release|Any CPU
		{91B36463-3896-487B-BB60-4E5B70B1B61C}.Release|Any CPU.Build.0 = Release|Any CPU
		{F2499A9C-C513-40BC-96B2-A5920F9C0FD3}.Debug|Any CPU.ActiveCfg = Debug|Any CPU
		{F2499A9C-C513-40BC-96B2-A5920F9C0FD3}.Debug|Any CPU.Build.0 = Debug|Any CPU
		{F2499A9C-C513-40BC-96B2-A5920F9C0FD3}.Release|Any CPU.ActiveCfg = Release|Any CPU
		{F2499A9C-C513-40BC-96B2-A5920F9C0FD3}.Release|Any CPU.Build.0 = Release|Any CPU
	EndGlobalSection
	GlobalSection(SolutionProperties) = preSolution
		HideSolutionNode = FALSE
	EndGlobalSection
	GlobalSection(NestedProjects) = preSolution
		{DA815017-1B84-4644-9E10-B7DAEE244183} = {7A29C83F-0B80-48AB-9D05-54A633ED22D7}
		{76ABABA1-D671-4251-8BF9-0E2D29D387D0} = {7A29C83F-0B80-48AB-9D05-54A633ED22D7}
		{8E770773-2E68-49AD-9225-0B37943304E0} = {7A29C83F-0B80-48AB-9D05-54A633ED22D7}
		{1D2A2D35-AB9E-4E22-A002-2E2636D0F0BC} = {7A29C83F-0B80-48AB-9D05-54A633ED22D7}
		{654F5843-E749-46AF-8097-FB14D2F498EE} = {76ABABA1-D671-4251-8BF9-0E2D29D387D0}
		{AE5F364F-01CB-4219-83CB-36DACD5C939A} = {76ABABA1-D671-4251-8BF9-0E2D29D387D0}
		{F4D76BB8-0DD3-4266-97A7-4DBE0C64328C} = {DA815017-1B84-4644-9E10-B7DAEE244183}
		{F48F94A9-0D34-4998-872D-BC8401F0C8FB} = {DA815017-1B84-4644-9E10-B7DAEE244183}
		{F6AF3660-8F79-456E-8F36-12F59C713D64} = {2D9B55B4-543D-4DAB-A73B-8767456C9C57}
		{1A126FB5-ADA0-4DE4-9ABB-B397E16F7006} = {2D9B55B4-543D-4DAB-A73B-8767456C9C57}
		{9F66525A-0230-4E6D-A363-571CAB3240A9} = {2D9B55B4-543D-4DAB-A73B-8767456C9C57}
		{86A0E155-6B29-40D4-99B3-A3C7A5D475FA} = {CB897DED-8976-4932-BF30-12B9B745CE5C}
		{54C78DB1-2CEE-4F1B-AEEC-0E9F4AFD5FD3} = {76ABABA1-D671-4251-8BF9-0E2D29D387D0}
		{4D777765-205A-4680-A6D0-55FEDB710031} = {2D9B55B4-543D-4DAB-A73B-8767456C9C57}
		{80BDEEAF-F84C-4DC9-8BFB-99D0A0AFFA26} = {2D9B55B4-543D-4DAB-A73B-8767456C9C57}
		{847841F4-409B-4793-9DA0-1A1DFDDB017C} = {2D9B55B4-543D-4DAB-A73B-8767456C9C57}
		{B2A566A9-682D-424C-BFFE-04CA6365B14D} = {76ABABA1-D671-4251-8BF9-0E2D29D387D0}
		{6477D19A-D8A1-47E2-A5E3-A18310E611F2} = {76ABABA1-D671-4251-8BF9-0E2D29D387D0}
		{43D235A7-FA69-42D4-88B6-A5AB0D43CF90} = {76ABABA1-D671-4251-8BF9-0E2D29D387D0}
		{6966326C-FE7E-4233-84AA-53248FE7F245} = {76ABABA1-D671-4251-8BF9-0E2D29D387D0}
		{D79D0E34-A68C-405D-B136-A82BC0B66DF4} = {76ABABA1-D671-4251-8BF9-0E2D29D387D0}
		{5D2E4749-4877-4343-8053-819E17F7B1DF} = {76ABABA1-D671-4251-8BF9-0E2D29D387D0}
		{12C29765-523F-4325-8CE7-200B2D8894DB} = {2D9B55B4-543D-4DAB-A73B-8767456C9C57}
		{41E21C12-2A99-44FD-9949-2EED788734BB} = {2D9B55B4-543D-4DAB-A73B-8767456C9C57}
		{E5D97BDC-F263-40DC-AC59-6B534991F0FF} = {2D9B55B4-543D-4DAB-A73B-8767456C9C57}
		{CAF00179-BDD6-4B25-B67D-291A7A3A0418} = {8C12DEFD-1888-4B54-A63D-B03C6188D39F}
		{432138B5-6C34-444C-B6E6-D34AB4C782D4} = {8C12DEFD-1888-4B54-A63D-B03C6188D39F}
		{A5B5731E-E619-447B-991C-644621DA0CB1} = {8C12DEFD-1888-4B54-A63D-B03C6188D39F}
		{962E03ED-03C6-450F-9B28-B17CD42D413B} = {8C12DEFD-1888-4B54-A63D-B03C6188D39F}
		{D551D99F-A861-44FA-BA5A-162376ADE041} = {2D9B55B4-543D-4DAB-A73B-8767456C9C57}
		{012744B2-4155-4657-BDF8-827495B72137} = {8C12DEFD-1888-4B54-A63D-B03C6188D39F}
		{55932820-B976-4C95-AB37-93D28C55366E} = {DA815017-1B84-4644-9E10-B7DAEE244183}
		{3B3BD162-8F9A-415E-ADE6-3E97B969E2B2} = {DA815017-1B84-4644-9E10-B7DAEE244183}
		{2078B16C-D2E8-4A8A-8A2F-A695A4BDC5F9} = {DA815017-1B84-4644-9E10-B7DAEE244183}
		{A38A0F09-F3C4-4BDD-B364-7BA70F33A2C2} = {2D9B55B4-543D-4DAB-A73B-8767456C9C57}
		{0F46F70B-9A8B-4C41-AFA4-471503B88272} = {2D9B55B4-543D-4DAB-A73B-8767456C9C57}
		{1DBF5C4C-9B75-4230-A466-970C44F3D2B2} = {2D9B55B4-543D-4DAB-A73B-8767456C9C57}
		{E00F6C24-B561-4353-89FE-E5C0CE9B5CAE} = {2D9B55B4-543D-4DAB-A73B-8767456C9C57}
		{D19DA650-33B7-442A-9FBC-7B5D1F5E7380} = {2D9B55B4-543D-4DAB-A73B-8767456C9C57}
		{978EA692-A132-4892-82A4-E1AB1BAFD001} = {2D9B55B4-543D-4DAB-A73B-8767456C9C57}
		{0A9DB976-83B3-456E-94A5-EACF8A57D809} = {2D9B55B4-543D-4DAB-A73B-8767456C9C57}
		{4EB2C502-6006-44D6-89E6-521B3D708FAC} = {76ABABA1-D671-4251-8BF9-0E2D29D387D0}
		{412B27AD-B5E9-4D92-AFAF-032A815A7FFF} = {76ABABA1-D671-4251-8BF9-0E2D29D387D0}
		{5765A29D-4CEA-4956-823D-F4B9AFD43BF9} = {8C12DEFD-1888-4B54-A63D-B03C6188D39F}
		{2E7E406B-9489-4AC1-B262-E5652671C806} = {8C12DEFD-1888-4B54-A63D-B03C6188D39F}
		{084F2775-49B2-4EBC-A2F6-319DD7F803A2} = {2D9B55B4-543D-4DAB-A73B-8767456C9C57}
		{6840E505-E07A-4849-A419-CF99BB1E3761} = {2D9B55B4-543D-4DAB-A73B-8767456C9C57}
		{32896C00-024E-433D-867D-EF7570A79881} = {2D9B55B4-543D-4DAB-A73B-8767456C9C57}
		{3EC42DD6-B439-4175-AACD-78EC454B7241} = {DA815017-1B84-4644-9E10-B7DAEE244183}
		{486CA3F5-B69C-46ED-B773-3DA1B388C720} = {DA815017-1B84-4644-9E10-B7DAEE244183}
		{31D0278A-1803-43C6-BB89-7DA2450F3731} = {DA815017-1B84-4644-9E10-B7DAEE244183}
		{74F892BA-C294-4A6A-85A8-3573E5F3B3C4} = {DA815017-1B84-4644-9E10-B7DAEE244183}
		{0CE3864E-156B-4D5C-979B-E8D3984DC54D} = {5E586484-F91A-44C8-B213-4D47C86FE01F}
		{F3103A8E-6153-455E-9AE4-CDADB3645275} = {76ABABA1-D671-4251-8BF9-0E2D29D387D0}
		{89ADF434-3D8E-4556-B144-9091F57CC68E} = {76ABABA1-D671-4251-8BF9-0E2D29D387D0}
		{5A9F52AA-D17A-4A8C-9315-B383010CDFD5} = {76ABABA1-D671-4251-8BF9-0E2D29D387D0}
		{250730E8-C59D-458E-AEF2-67D3FA2F4BB4} = {76ABABA1-D671-4251-8BF9-0E2D29D387D0}
		{CEA7AF22-DD77-4BD3-88D6-9E26A7D9B197} = {76ABABA1-D671-4251-8BF9-0E2D29D387D0}
		{F6657EF6-9D7C-4393-AECD-2CC90827C931} = {76ABABA1-D671-4251-8BF9-0E2D29D387D0}
		{7A0D6670-7FE8-4C6F-97F5-31A2F82A5FC0} = {76ABABA1-D671-4251-8BF9-0E2D29D387D0}
		{12A63CC0-DCCD-4829-9148-8A74395E6D67} = {CB897DED-8976-4932-BF30-12B9B745CE5C}
		{91B36463-3896-487B-BB60-4E5B70B1B61C} = {CB897DED-8976-4932-BF30-12B9B745CE5C}
		{F2499A9C-C513-40BC-96B2-A5920F9C0FD3} = {CB897DED-8976-4932-BF30-12B9B745CE5C}
	EndGlobalSection
	GlobalSection(ExtensibilityGlobals) = postSolution
		SolutionGuid = {BCB3B327-1FC3-4B30-AC43-163434542126}
	EndGlobalSection
EndGlobal
